
Microsoft Visual Studio Solution File, Format Version 12.00
# Visual Studio 15
VisualStudioVersion = 15.0.28010.2016
MinimumVisualStudioVersion = 10.0.40219.1
Project("{FAE04EC0-301F-11D3-BF4B-00C04F79EFBC}") = "TesteRepositorio", "TesteRepositorio\TesteRepositorio.csproj", "{A7536C09-5F7B-44ED-90A1-26BF241A183E}"
EndProject
Global
	GlobalSection(SolutionConfigurationPlatforms) = preSolution
		Debug|Any CPU = Debug|Any CPU
		Release|Any CPU = Release|Any CPU
	EndGlobalSection
	GlobalSection(ProjectConfigurationPlatforms) = postSolution
		{A7536C09-5F7B-44ED-90A1-26BF241A183E}.Debug|Any CPU.ActiveCfg = Debug|Any CPU
		{A7536C09-5F7B-44ED-90A1-26BF241A183E}.Debug|Any CPU.Build.0 = Debug|Any CPU
		{A7536C09-5F7B-44ED-90A1-26BF241A183E}.Release|Any CPU.ActiveCfg = Release|Any CPU
		{A7536C09-5F7B-44ED-90A1-26BF241A183E}.Release|Any CPU.Build.0 = Release|Any CPU
	EndGlobalSection
	GlobalSection(SolutionProperties) = preSolution
		HideSolutionNode = FALSE
	EndGlobalSection
	GlobalSection(ExtensibilityGlobals) = postSolution
		SolutionGuid = {CDCD0C76-B0BB-4FD9-AD06-3DB2DBD42BC9}
	EndGlobalSection
EndGlobal
